
Microsoft Visual Studio Solution File, Format Version 12.00
# Visual Studio 2012
Project("{FAE04EC0-301F-11D3-BF4B-00C04F79EFBC}") = "RobotWars", "RobotWars.csproj", "{E5D2EA61-E83F-4231-950B-093BD7E59951}"
EndProject
Project("{FAE04EC0-301F-11D3-BF4B-00C04F79EFBC}") = "RobotWarsTests", "..\RobotWarsTests\RobotWarsTests.csproj", "{51013DE4-A1FD-40A8-AA91-3047E59C64C3}"
EndProject
Project("{FAE04EC0-301F-11D3-BF4B-00C04F79EFBC}") = "RobotWarsLogic", "..\RobotWarsLogic\RobotWarsLogic.csproj", "{694275E8-7FA4-4516-B632-D2204A76305D}"
EndProject
Global
	GlobalSection(SolutionConfigurationPlatforms) = preSolution
		Debug|Any CPU = Debug|Any CPU
		Release|Any CPU = Release|Any CPU
	EndGlobalSection
	GlobalSection(ProjectConfigurationPlatforms) = postSolution
		{E5D2EA61-E83F-4231-950B-093BD7E59951}.Debug|Any CPU.ActiveCfg = Debug|Any CPU
		{E5D2EA61-E83F-4231-950B-093BD7E59951}.Debug|Any CPU.Build.0 = Debug|Any CPU
		{E5D2EA61-E83F-4231-950B-093BD7E59951}.Release|Any CPU.ActiveCfg = Release|Any CPU
		{E5D2EA61-E83F-4231-950B-093BD7E59951}.Release|Any CPU.Build.0 = Release|Any CPU
		{51013DE4-A1FD-40A8-AA91-3047E59C64C3}.Debug|Any CPU.ActiveCfg = Debug|Any CPU
		{51013DE4-A1FD-40A8-AA91-3047E59C64C3}.Debug|Any CPU.Build.0 = Debug|Any CPU
		{51013DE4-A1FD-40A8-AA91-3047E59C64C3}.Release|Any CPU.ActiveCfg = Release|Any CPU
		{51013DE4-A1FD-40A8-AA91-3047E59C64C3}.Release|Any CPU.Build.0 = Release|Any CPU
		{694275E8-7FA4-4516-B632-D2204A76305D}.Debug|Any CPU.ActiveCfg = Debug|Any CPU
		{694275E8-7FA4-4516-B632-D2204A76305D}.Debug|Any CPU.Build.0 = Debug|Any CPU
		{694275E8-7FA4-4516-B632-D2204A76305D}.Release|Any CPU.ActiveCfg = Release|Any CPU
		{694275E8-7FA4-4516-B632-D2204A76305D}.Release|Any CPU.Build.0 = Release|Any CPU
	EndGlobalSection
	GlobalSection(SolutionProperties) = preSolution
		HideSolutionNode = FALSE
	EndGlobalSection
EndGlobal
